<?xml version="1.0" encoding="utf-8"?>
<Project ToolsVersion="4.0" xmlns="http://schemas.microsoft.com/developer/msbuild/2003">
  <ItemGroup>
    <Filter Include="Source Files">
      <UniqueIdentifier>{4FC737F1-C7A5-4376-A066-2A32D752A2FF}</UniqueIdentifier>
      <Extensions>cpp;c;cc;cxx;c++;cppm;ixx;def;odl;idl;hpj;bat;asm;asmx</Extensions>
    </Filter>
    <Filter Include="Header Files">
      <UniqueIdentifier>{93995380-89BD-4b04-88EB-625FBE52EBFB}</UniqueIdentifier>
      <Extensions>h;hh;hpp;hxx;h++;hm;inl;inc;ipp;xsd</Extensions>
    </Filter>
    <Filter Include="Resource Files">
      <UniqueIdentifier>{67DA6AB6-F800-4c08-8B7A-83BB121AAD01}</UniqueIdentifier>
      <Extensions>rc;ico;cur;bmp;dlg;rc2;rct;bin;rgs;gif;jpg;jpeg;jpe;resx;tiff;tif;png;wav;mfcribbon-ms</Extensions>
    </Filter>
    <Filter Include="Source Files\Scenes">
      <UniqueIdentifier>{77d1eb18-82a7-4873-b15e-a1711c595f06}</UniqueIdentifier>
    </Filter>
    <Filter Include="Source Files\Scripts">
      <UniqueIdentifier>{2bcc339a-fead-4984-adb9-e6b5525260da}</UniqueIdentifier>
    </Filter>
    <Filter Include="Source Files\Prefabs">
      <UniqueIdentifier>{0d8af366-c0c4-4469-84b9-197e6c17e7ce}</UniqueIdentifier>
    </Filter>
  </ItemGroup>
  <ItemGroup>
    <ClCompile Include="src\main.cpp">
      <Filter>Source Files</Filter>
    </ClCompile>
    <ClCompile Include="src\RollingMarble.cpp">
      <Filter>Source Files</Filter>
    </ClCompile>
    <ClCompile Include="src\Level1.cpp">
      <Filter>Source Files\Scenes</Filter>
    </ClCompile>
    <ClCompile Include="src\TestScript.cpp">
      <Filter>Source Files\Scripts</Filter>
    </ClCompile>
    <ClCompile Include="src\MarbleControllerScript.cpp">
      <Filter>Source Files\Scripts</Filter>
    </ClCompile>
    <ClCompile Include="src\OrbitCameraScript.cpp">
      <Filter>Source Files\Scripts</Filter>
    </ClCompile>
  </ItemGroup>
  <ItemGroup>
    <ClInclude Include="src\RollingMarble.h">
      <Filter>Source Files</Filter>
    </ClInclude>
    <ClInclude Include="src\Level1.h">
      <Filter>Source Files\Scenes</Filter>
    </ClInclude>
    <ClInclude Include="src\TestScript.h">
      <Filter>Source Files\Scripts</Filter>
    </ClInclude>
    <ClInclude Include="src\MarblePrefab.h">
      <Filter>Source Files\Prefabs</Filter>
    </ClInclude>
    <ClInclude Include="src\MarbleControllerScript.h">
      <Filter>Source Files\Scripts</Filter>
    </ClInclude>
    <ClInclude Include="src\OrbitCameraScript.h">
      <Filter>Source Files\Scripts</Filter>
    </ClInclude>
  </ItemGroup>
</Project>